# This file was autogenerated by Stack.
# You should not edit this file by hand.
# For more information, please see the documentation at:
#   https://docs.haskellstack.org/en/stable/lock_files

packages:
- completed:
    hackage: flatbuffers-0.3.0.0@sha256:0b67d48de2ea392776b2041f2c8fef1f72f7d8f6c54127ca781a1db0980d07a0,4563
    pantry-tree:
      size: 2876
      sha256: d2855e17ee564553e9735d23751f311b2bd04f90c351c681f3503871391d6aa7
  original:
    hackage: flatbuffers-0.3.0.0
snapshots:
- completed:
    size: 587821
    url: https://raw.githubusercontent.com/commercialhaskell/stackage-snapshots/master/lts/18/24.yaml
    sha256: 06d844ba51e49907bd29cb58b4a5f86ee7587a4cd7e6cf395eeec16cba619ce8
  original: lts-18.24
